// !$*UTF8*$!
{
	archiveVersion = 1;
	classes = {
	};
	objectVersion = 50;
	objects = {

/* Begin PBXBuildFile section */
		05B21724213F002F00E73A1E /* keywordButton.swift in Sources */ = {isa = PBXBuildFile; fileRef = 05B21723213F002F00E73A1E /* keywordButton.swift */; };
		05DA1F9C213DAA9400102F62 /* KeywordCollectionViewArea.swift in Sources */ = {isa = PBXBuildFile; fileRef = 05DA1F9B213DAA9400102F62 /* KeywordCollectionViewArea.swift */; };
		DF1394A42118FC9F00A6B58A /* CreationCollectionViewController.swift in Sources */ = {isa = PBXBuildFile; fileRef = DF1394A32118FC9F00A6B58A /* CreationCollectionViewController.swift */; };
		DF1394A62119041200A6B58A /* KeywordCollectionViewCell.swift in Sources */ = {isa = PBXBuildFile; fileRef = DF1394A52119041200A6B58A /* KeywordCollectionViewCell.swift */; };
		DFB99B5520E6BEC9000462A4 /* AppDelegate.swift in Sources */ = {isa = PBXBuildFile; fileRef = DFB99B5420E6BEC9000462A4 /* AppDelegate.swift */; };
		DFB99B5A20E6BEC9000462A4 /* Main.storyboard in Resources */ = {isa = PBXBuildFile; fileRef = DFB99B5820E6BEC9000462A4 /* Main.storyboard */; };
		DFB99B5C20E6BECA000462A4 /* Assets.xcassets in Resources */ = {isa = PBXBuildFile; fileRef = DFB99B5B20E6BECA000462A4 /* Assets.xcassets */; };
		DFB99B5F20E6BECA000462A4 /* LaunchScreen.storyboard in Resources */ = {isa = PBXBuildFile; fileRef = DFB99B5D20E6BECA000462A4 /* LaunchScreen.storyboard */; };
		DFB99B6A20E6BECA000462A4 /* TrueTokenTrackerTests.swift in Sources */ = {isa = PBXBuildFile; fileRef = DFB99B6920E6BECA000462A4 /* TrueTokenTrackerTests.swift */; };
		DFB99B7520E6BECA000462A4 /* TrueTokenTrackerUITests.swift in Sources */ = {isa = PBXBuildFile; fileRef = DFB99B7420E6BECA000462A4 /* TrueTokenTrackerUITests.swift */; };
		DFB99B9020E6F027000462A4 /* TokenImage.swift in Sources */ = {isa = PBXBuildFile; fileRef = DFB99B8F20E6F027000462A4 /* TokenImage.swift */; };
		DFB99B9220E6F18D000462A4 /* TokenTableViewController.swift in Sources */ = {isa = PBXBuildFile; fileRef = DFB99B9120E6F18D000462A4 /* TokenTableViewController.swift */; };
		DFB99B9420E6F372000462A4 /* TokenStack.swift in Sources */ = {isa = PBXBuildFile; fileRef = DFB99B9320E6F372000462A4 /* TokenStack.swift */; };
		DFB99B9620E6FBAC000462A4 /* TokenTableViewCell.swift in Sources */ = {isa = PBXBuildFile; fileRef = DFB99B9520E6FBAC000462A4 /* TokenTableViewCell.swift */; };
/* End PBXBuildFile section */

/* Begin PBXContainerItemProxy section */
		DFB99B6620E6BECA000462A4 /* PBXContainerItemProxy */ = {
			isa = PBXContainerItemProxy;
			containerPortal = DFB99B4920E6BEC9000462A4 /* Project object */;
			proxyType = 1;
			remoteGlobalIDString = DFB99B5020E6BEC9000462A4;
			remoteInfo = TrueTokenTracker;
		};
		DFB99B7120E6BECA000462A4 /* PBXContainerItemProxy */ = {
			isa = PBXContainerItemProxy;
			containerPortal = DFB99B4920E6BEC9000462A4 /* Project object */;
			proxyType = 1;
			remoteGlobalIDString = DFB99B5020E6BEC9000462A4;
			remoteInfo = TrueTokenTracker;
		};
/* End PBXContainerItemProxy section */

/* Begin PBXFileReference section */
		05B21723213F002F00E73A1E /* keywordButton.swift */ = {isa = PBXFileReference; lastKnownFileType = sourcecode.swift; path = keywordButton.swift; sourceTree = "<group>"; };
		05DA1F9B213DAA9400102F62 /* KeywordCollectionViewArea.swift */ = {isa = PBXFileReference; lastKnownFileType = sourcecode.swift; path = KeywordCollectionViewArea.swift; sourceTree = "<group>"; };
		DF1394A32118FC9F00A6B58A /* CreationCollectionViewController.swift */ = {isa = PBXFileReference; lastKnownFileType = sourcecode.swift; path = CreationCollectionViewController.swift; sourceTree = "<group>"; };
		DF1394A52119041200A6B58A /* KeywordCollectionViewCell.swift */ = {isa = PBXFileReference; lastKnownFileType = sourcecode.swift; path = KeywordCollectionViewCell.swift; sourceTree = "<group>"; };
		DFB99B5120E6BEC9000462A4 /* TrueTokenTracker.app */ = {isa = PBXFileReference; explicitFileType = wrapper.application; includeInIndex = 0; path = TrueTokenTracker.app; sourceTree = BUILT_PRODUCTS_DIR; };
		DFB99B5420E6BEC9000462A4 /* AppDelegate.swift */ = {isa = PBXFileReference; lastKnownFileType = sourcecode.swift; path = AppDelegate.swift; sourceTree = "<group>"; };
		DFB99B5920E6BEC9000462A4 /* Base */ = {isa = PBXFileReference; lastKnownFileType = file.storyboard; name = Base; path = Base.lproj/Main.storyboard; sourceTree = "<group>"; };
		DFB99B5B20E6BECA000462A4 /* Assets.xcassets */ = {isa = PBXFileReference; lastKnownFileType = folder.assetcatalog; path = Assets.xcassets; sourceTree = "<group>"; };
		DFB99B5E20E6BECA000462A4 /* Base */ = {isa = PBXFileReference; lastKnownFileType = file.storyboard; name = Base; path = Base.lproj/LaunchScreen.storyboard; sourceTree = "<group>"; };
		DFB99B6020E6BECA000462A4 /* Info.plist */ = {isa = PBXFileReference; lastKnownFileType = text.plist.xml; path = Info.plist; sourceTree = "<group>"; };
		DFB99B6520E6BECA000462A4 /* TrueTokenTrackerTests.xctest */ = {isa = PBXFileReference; explicitFileType = wrapper.cfbundle; includeInIndex = 0; path = TrueTokenTrackerTests.xctest; sourceTree = BUILT_PRODUCTS_DIR; };
		DFB99B6920E6BECA000462A4 /* TrueTokenTrackerTests.swift */ = {isa = PBXFileReference; lastKnownFileType = sourcecode.swift; path = TrueTokenTrackerTests.swift; sourceTree = "<group>"; };
		DFB99B6B20E6BECA000462A4 /* Info.plist */ = {isa = PBXFileReference; lastKnownFileType = text.plist.xml; path = Info.plist; sourceTree = "<group>"; };
		DFB99B7020E6BECA000462A4 /* TrueTokenTrackerUITests.xctest */ = {isa = PBXFileReference; explicitFileType = wrapper.cfbundle; includeInIndex = 0; path = TrueTokenTrackerUITests.xctest; sourceTree = BUILT_PRODUCTS_DIR; };
		DFB99B7420E6BECA000462A4 /* TrueTokenTrackerUITests.swift */ = {isa = PBXFileReference; lastKnownFileType = sourcecode.swift; path = TrueTokenTrackerUITests.swift; sourceTree = "<group>"; };
		DFB99B7620E6BECA000462A4 /* Info.plist */ = {isa = PBXFileReference; lastKnownFileType = text.plist.xml; path = Info.plist; sourceTree = "<group>"; };
		DFB99B8F20E6F027000462A4 /* TokenImage.swift */ = {isa = PBXFileReference; lastKnownFileType = sourcecode.swift; path = TokenImage.swift; sourceTree = "<group>"; };
		DFB99B9120E6F18D000462A4 /* TokenTableViewController.swift */ = {isa = PBXFileReference; lastKnownFileType = sourcecode.swift; path = TokenTableViewController.swift; sourceTree = "<group>"; };
		DFB99B9320E6F372000462A4 /* TokenStack.swift */ = {isa = PBXFileReference; lastKnownFileType = sourcecode.swift; path = TokenStack.swift; sourceTree = "<group>"; };
		DFB99B9520E6FBAC000462A4 /* TokenTableViewCell.swift */ = {isa = PBXFileReference; lastKnownFileType = sourcecode.swift; path = TokenTableViewCell.swift; sourceTree = "<group>"; };
/* End PBXFileReference section */

/* Begin PBXFrameworksBuildPhase section */
		DFB99B4E20E6BEC9000462A4 /* Frameworks */ = {
			isa = PBXFrameworksBuildPhase;
			buildActionMask = 2147483647;
			files = (
			);
			runOnlyForDeploymentPostprocessing = 0;
		};
		DFB99B6220E6BECA000462A4 /* Frameworks */ = {
			isa = PBXFrameworksBuildPhase;
			buildActionMask = 2147483647;
			files = (
			);
			runOnlyForDeploymentPostprocessing = 0;
		};
		DFB99B6D20E6BECA000462A4 /* Frameworks */ = {
			isa = PBXFrameworksBuildPhase;
			buildActionMask = 2147483647;
			files = (
			);
			runOnlyForDeploymentPostprocessing = 0;
		};
/* End PBXFrameworksBuildPhase section */

/* Begin PBXGroup section */
		DFB99B4820E6BEC9000462A4 = {
			isa = PBXGroup;
			children = (
				DFB99B5320E6BEC9000462A4 /* TrueTokenTracker */,
				DFB99B6820E6BECA000462A4 /* TrueTokenTrackerTests */,
				DFB99B7320E6BECA000462A4 /* TrueTokenTrackerUITests */,
				DFB99B5220E6BEC9000462A4 /* Products */,
			);
			sourceTree = "<group>";
		};
		DFB99B5220E6BEC9000462A4 /* Products */ = {
			isa = PBXGroup;
			children = (
				DFB99B5120E6BEC9000462A4 /* TrueTokenTracker.app */,
				DFB99B6520E6BECA000462A4 /* TrueTokenTrackerTests.xctest */,
				DFB99B7020E6BECA000462A4 /* TrueTokenTrackerUITests.xctest */,
			);
			name = Products;
			sourceTree = "<group>";
		};
		DFB99B5320E6BEC9000462A4 /* TrueTokenTracker */ = {
			isa = PBXGroup;
			children = (
				DF1394A32118FC9F00A6B58A /* CreationCollectionViewController.swift */,
				05B21723213F002F00E73A1E /* keywordButton.swift */,
				DFB99B5820E6BEC9000462A4 /* Main.storyboard */,
				DF1394A52119041200A6B58A /* KeywordCollectionViewCell.swift */,
				DFB99B9120E6F18D000462A4 /* TokenTableViewController.swift */,
				DFB99B9520E6FBAC000462A4 /* TokenTableViewCell.swift */,
				DFB99B9320E6F372000462A4 /* TokenStack.swift */,
				05DA1F9B213DAA9400102F62 /* KeywordCollectionViewArea.swift */,
				DFB99B8F20E6F027000462A4 /* TokenImage.swift */,
				DFB99B8220E6BEE9000462A4 /* Supporting Group */,
				DFB99B6020E6BECA000462A4 /* Info.plist */,
			);
			path = TrueTokenTracker;
			sourceTree = "<group>";
		};
		DFB99B6820E6BECA000462A4 /* TrueTokenTrackerTests */ = {
			isa = PBXGroup;
			children = (
				DFB99B6920E6BECA000462A4 /* TrueTokenTrackerTests.swift */,
				DFB99B6B20E6BECA000462A4 /* Info.plist */,
			);
			path = TrueTokenTrackerTests;
			sourceTree = "<group>";
		};
		DFB99B7320E6BECA000462A4 /* TrueTokenTrackerUITests */ = {
			isa = PBXGroup;
			children = (
				DFB99B7420E6BECA000462A4 /* TrueTokenTrackerUITests.swift */,
				DFB99B7620E6BECA000462A4 /* Info.plist */,
			);
			path = TrueTokenTrackerUITests;
			sourceTree = "<group>";
		};
		DFB99B8220E6BEE9000462A4 /* Supporting Group */ = {
			isa = PBXGroup;
			children = (
				DFB99B5B20E6BECA000462A4 /* Assets.xcassets */,
				DFB99B5420E6BEC9000462A4 /* AppDelegate.swift */,
				DFB99B5D20E6BECA000462A4 /* LaunchScreen.storyboard */,
			);
			path = "Supporting Group";
			sourceTree = "<group>";
		};
/* End PBXGroup section */

/* Begin PBXNativeTarget section */
		DFB99B5020E6BEC9000462A4 /* TrueTokenTracker */ = {
			isa = PBXNativeTarget;
			buildConfigurationList = DFB99B7920E6BECA000462A4 /* Build configuration list for PBXNativeTarget "TrueTokenTracker" */;
			buildPhases = (
				DFB99B4D20E6BEC9000462A4 /* Sources */,
				DFB99B4E20E6BEC9000462A4 /* Frameworks */,
				DFB99B4F20E6BEC9000462A4 /* Resources */,
			);
			buildRules = (
			);
			dependencies = (
			);
			name = TrueTokenTracker;
			productName = TrueTokenTracker;
			productReference = DFB99B5120E6BEC9000462A4 /* TrueTokenTracker.app */;
			productType = "com.apple.product-type.application";
		};
		DFB99B6420E6BECA000462A4 /* TrueTokenTrackerTests */ = {
			isa = PBXNativeTarget;
			buildConfigurationList = DFB99B7C20E6BECA000462A4 /* Build configuration list for PBXNativeTarget "TrueTokenTrackerTests" */;
			buildPhases = (
				DFB99B6120E6BECA000462A4 /* Sources */,
				DFB99B6220E6BECA000462A4 /* Frameworks */,
				DFB99B6320E6BECA000462A4 /* Resources */,
			);
			buildRules = (
			);
			dependencies = (
				DFB99B6720E6BECA000462A4 /* PBXTargetDependency */,
			);
			name = TrueTokenTrackerTests;
			productName = TrueTokenTrackerTests;
			productReference = DFB99B6520E6BECA000462A4 /* TrueTokenTrackerTests.xctest */;
			productType = "com.apple.product-type.bundle.unit-test";
		};
		DFB99B6F20E6BECA000462A4 /* TrueTokenTrackerUITests */ = {
			isa = PBXNativeTarget;
			buildConfigurationList = DFB99B7F20E6BECA000462A4 /* Build configuration list for PBXNativeTarget "TrueTokenTrackerUITests" */;
			buildPhases = (
				DFB99B6C20E6BECA000462A4 /* Sources */,
				DFB99B6D20E6BECA000462A4 /* Frameworks */,
				DFB99B6E20E6BECA000462A4 /* Resources */,
			);
			buildRules = (
			);
			dependencies = (
				DFB99B7220E6BECA000462A4 /* PBXTargetDependency */,
			);
			name = TrueTokenTrackerUITests;
			productName = TrueTokenTrackerUITests;
			productReference = DFB99B7020E6BECA000462A4 /* TrueTokenTrackerUITests.xctest */;
			productType = "com.apple.product-type.bundle.ui-testing";
		};
/* End PBXNativeTarget section */

/* Begin PBXProject section */
		DFB99B4920E6BEC9000462A4 /* Project object */ = {
			isa = PBXProject;
			attributes = {
				LastSwiftUpdateCheck = 0940;
				LastUpgradeCheck = 0940;
				ORGANIZATIONNAME = "Thomas Bahen";
				TargetAttributes = {
					DFB99B5020E6BEC9000462A4 = {
						CreatedOnToolsVersion = 9.4.1;
						LastSwiftMigration = 1010;
					};
					DFB99B6420E6BECA000462A4 = {
						CreatedOnToolsVersion = 9.4.1;
						LastSwiftMigration = 1010;
						TestTargetID = DFB99B5020E6BEC9000462A4;
					};
					DFB99B6F20E6BECA000462A4 = {
						CreatedOnToolsVersion = 9.4.1;
						LastSwiftMigration = 1010;
						TestTargetID = DFB99B5020E6BEC9000462A4;
					};
				};
			};
			buildConfigurationList = DFB99B4C20E6BEC9000462A4 /* Build configuration list for PBXProject "TrueTokenTracker" */;
			compatibilityVersion = "Xcode 9.3";
			developmentRegion = en;
			hasScannedForEncodings = 0;
			knownRegions = (
				en,
				Base,
			);
			mainGroup = DFB99B4820E6BEC9000462A4;
			productRefGroup = DFB99B5220E6BEC9000462A4 /* Products */;
			projectDirPath = "";
			projectRoot = "";
			targets = (
				DFB99B5020E6BEC9000462A4 /* TrueTokenTracker */,
				DFB99B6420E6BECA000462A4 /* TrueTokenTrackerTests */,
				DFB99B6F20E6BECA000462A4 /* TrueTokenTrackerUITests */,
			);
		};
/* End PBXProject section */

/* Begin PBXResourcesBuildPhase section */
		DFB99B4F20E6BEC9000462A4 /* Resources */ = {
			isa = PBXResourcesBuildPhase;
			buildActionMask = 2147483647;
			files = (
				DFB99B5F20E6BECA000462A4 /* LaunchScreen.storyboard in Resources */,
				DFB99B5C20E6BECA000462A4 /* Assets.xcassets in Resources */,
				DFB99B5A20E6BEC9000462A4 /* Main.storyboard in Resources */,
			);
			runOnlyForDeploymentPostprocessing = 0;
		};
		DFB99B6320E6BECA000462A4 /* Resources */ = {
			isa = PBXResourcesBuildPhase;
			buildActionMask = 2147483647;
			files = (
			);
			runOnlyForDeploymentPostprocessing = 0;
		};
		DFB99B6E20E6BECA000462A4 /* Resources */ = {
			isa = PBXResourcesBuildPhase;
			buildActionMask = 2147483647;
			files = (
			);
			runOnlyForDeploymentPostprocessing = 0;
		};
/* End PBXResourcesBuildPhase section */

/* Begin PBXSourcesBuildPhase section */
		DFB99B4D20E6BEC9000462A4 /* Sources */ = {
			isa = PBXSourcesBuildPhase;
			buildActionMask = 2147483647;
			files = (
				DFB99B5520E6BEC9000462A4 /* AppDelegate.swift in Sources */,
				DFB99B9620E6FBAC000462A4 /* TokenTableViewCell.swift in Sources */,
				DF1394A62119041200A6B58A /* KeywordCollectionViewCell.swift in Sources */,
				05B21724213F002F00E73A1E /* keywordButton.swift in Sources */,
				DFB99B9020E6F027000462A4 /* TokenImage.swift in Sources */,
				DF1394A42118FC9F00A6B58A /* CreationCollectionViewController.swift in Sources */,
				DFB99B9420E6F372000462A4 /* TokenStack.swift in Sources */,
				DFB99B9220E6F18D000462A4 /* TokenTableViewController.swift in Sources */,
				05DA1F9C213DAA9400102F62 /* KeywordCollectionViewArea.swift in Sources */,
			);
			runOnlyForDeploymentPostprocessing = 0;
		};
		DFB99B6120E6BECA000462A4 /* Sources */ = {
			isa = PBXSourcesBuildPhase;
			buildActionMask = 2147483647;
			files = (
				DFB99B6A20E6BECA000462A4 /* TrueTokenTrackerTests.swift in Sources */,
			);
			runOnlyForDeploymentPostprocessing = 0;
		};
		DFB99B6C20E6BECA000462A4 /* Sources */ = {
			isa = PBXSourcesBuildPhase;
			buildActionMask = 2147483647;
			files = (
				DFB99B7520E6BECA000462A4 /* TrueTokenTrackerUITests.swift in Sources */,
			);
			runOnlyForDeploymentPostprocessing = 0;
		};
/* End PBXSourcesBuildPhase section */

/* Begin PBXTargetDependency section */
		DFB99B6720E6BECA000462A4 /* PBXTargetDependency */ = {
			isa = PBXTargetDependency;
			target = DFB99B5020E6BEC9000462A4 /* TrueTokenTracker */;
			targetProxy = DFB99B6620E6BECA000462A4 /* PBXContainerItemProxy */;
		};
		DFB99B7220E6BECA000462A4 /* PBXTargetDependency */ = {
			isa = PBXTargetDependency;
			target = DFB99B5020E6BEC9000462A4 /* TrueTokenTracker */;
			targetProxy = DFB99B7120E6BECA000462A4 /* PBXContainerItemProxy */;
		};
/* End PBXTargetDependency section */

/* Begin PBXVariantGroup section */
		DFB99B5820E6BEC9000462A4 /* Main.storyboard */ = {
			isa = PBXVariantGroup;
			children = (
				DFB99B5920E6BEC9000462A4 /* Base */,
			);
			name = Main.storyboard;
			sourceTree = "<group>";
		};
		DFB99B5D20E6BECA000462A4 /* LaunchScreen.storyboard */ = {
			isa = PBXVariantGroup;
			children = (
				DFB99B5E20E6BECA000462A4 /* Base */,
			);
			name = LaunchScreen.storyboard;
			sourceTree = "<group>";
		};
/* End PBXVariantGroup section */

/* Begin XCBuildConfiguration section */
		DFB99B7720E6BECA000462A4 /* Debug */ = {
			isa = XCBuildConfiguration;
			buildSettings = {
				ALWAYS_SEARCH_USER_PATHS = NO;
				CLANG_ANALYZER_NONNULL = YES;
				CLANG_ANALYZER_NUMBER_OBJECT_CONVERSION = YES_AGGRESSIVE;
				CLANG_CXX_LANGUAGE_STANDARD = "gnu++14";
				CLANG_CXX_LIBRARY = "libc++";
				CLANG_ENABLE_MODULES = YES;
				CLANG_ENABLE_OBJC_ARC = YES;
				CLANG_ENABLE_OBJC_WEAK = YES;
				CLANG_WARN_BLOCK_CAPTURE_AUTORELEASING = YES;
				CLANG_WARN_BOOL_CONVERSION = YES;
				CLANG_WARN_COMMA = YES;
				CLANG_WARN_CONSTANT_CONVERSION = YES;
				CLANG_WARN_DEPRECATED_OBJC_IMPLEMENTATIONS = YES;
				CLANG_WARN_DIRECT_OBJC_ISA_USAGE = YES_ERROR;
				CLANG_WARN_DOCUMENTATION_COMMENTS = YES;
				CLANG_WARN_EMPTY_BODY = YES;
				CLANG_WARN_ENUM_CONVERSION = YES;
				CLANG_WARN_INFINITE_RECURSION = YES;
				CLANG_WARN_INT_CONVERSION = YES;
				CLANG_WARN_NON_LITERAL_NULL_CONVERSION = YES;
				CLANG_WARN_OBJC_IMPLICIT_RETAIN_SELF = YES;
				CLANG_WARN_OBJC_LITERAL_CONVERSION = YES;
				CLANG_WARN_OBJC_ROOT_CLASS = YES_ERROR;
				CLANG_WARN_RANGE_LOOP_ANALYSIS = YES;
				CLANG_WARN_STRICT_PROTOTYPES = YES;
				CLANG_WARN_SUSPICIOUS_MOVE = YES;
				CLANG_WARN_UNGUARDED_AVAILABILITY = YES_AGGRESSIVE;
				CLANG_WARN_UNREACHABLE_CODE = YES;
				CLANG_WARN__DUPLICATE_METHOD_MATCH = YES;
				CODE_SIGN_IDENTITY = "iPhone Developer";
				COPY_PHASE_STRIP = NO;
				DEBUG_INFORMATION_FORMAT = dwarf;
				ENABLE_STRICT_OBJC_MSGSEND = YES;
				ENABLE_TESTABILITY = YES;
				GCC_C_LANGUAGE_STANDARD = gnu11;
				GCC_DYNAMIC_NO_PIC = NO;
				GCC_NO_COMMON_BLOCKS = YES;
				GCC_OPTIMIZATION_LEVEL = 0;
				GCC_PREPROCESSOR_DEFINITIONS = (
					"DEBUG=1",
					"$(inherited)",
				);
				GCC_WARN_64_TO_32_BIT_CONVERSION = YES;
				GCC_WARN_ABOUT_RETURN_TYPE = YES_ERROR;
				GCC_WARN_UNDECLARED_SELECTOR = YES;
				GCC_WARN_UNINITIALIZED_AUTOS = YES_AGGRESSIVE;
				GCC_WARN_UNUSED_FUNCTION = YES;
				GCC_WARN_UNUSED_VARIABLE = YES;
				IPHONEOS_DEPLOYMENT_TARGET = 11.4;
				MTL_ENABLE_DEBUG_INFO = YES;
				ONLY_ACTIVE_ARCH = YES;
				SDKROOT = iphoneos;
				SWIFT_ACTIVE_COMPILATION_CONDITIONS = DEBUG;
				SWIFT_OPTIMIZATION_LEVEL = "-Onone";
			};
			name = Debug;
		};
		DFB99B7820E6BECA000462A4 /* Release */ = {
			isa = XCBuildConfiguration;
			buildSettings = {
				ALWAYS_SEARCH_USER_PATHS = NO;
				CLANG_ANALYZER_NONNULL = YES;
				CLANG_ANALYZER_NUMBER_OBJECT_CONVERSION = YES_AGGRESSIVE;
				CLANG_CXX_LANGUAGE_STANDARD = "gnu++14";
				CLANG_CXX_LIBRARY = "libc++";
				CLANG_ENABLE_MODULES = YES;
				CLANG_ENABLE_OBJC_ARC = YES;
				CLANG_ENABLE_OBJC_WEAK = YES;
				CLANG_WARN_BLOCK_CAPTURE_AUTORELEASING = YES;
				CLANG_WARN_BOOL_CONVERSION = YES;
				CLANG_WARN_COMMA = YES;
				CLANG_WARN_CONSTANT_CONVERSION = YES;
				CLANG_WARN_DEPRECATED_OBJC_IMPLEMENTATIONS = YES;
				CLANG_WARN_DIRECT_OBJC_ISA_USAGE = YES_ERROR;
				CLANG_WARN_DOCUMENTATION_COMMENTS = YES;
				CLANG_WARN_EMPTY_BODY = YES;
				CLANG_WARN_ENUM_CONVERSION = YES;
				CLANG_WARN_INFINITE_RECURSION = YES;
				CLANG_WARN_INT_CONVERSION = YES;
				CLANG_WARN_NON_LITERAL_NULL_CONVERSION = YES;
				CLANG_WARN_OBJC_IMPLICIT_RETAIN_SELF = YES;
				CLANG_WARN_OBJC_LITERAL_CONVERSION = YES;
				CLANG_WARN_OBJC_ROOT_CLASS = YES_ERROR;
				CLANG_WARN_RANGE_LOOP_ANALYSIS = YES;
				CLANG_WARN_STRICT_PROTOTYPES = YES;
				CLANG_WARN_SUSPICIOUS_MOVE = YES;
				CLANG_WARN_UNGUARDED_AVAILABILITY = YES_AGGRESSIVE;
				CLANG_WARN_UNREACHABLE_CODE = YES;
				CLANG_WARN__DUPLICATE_METHOD_MATCH = YES;
				CODE_SIGN_IDENTITY = "iPhone Developer";
				COPY_PHASE_STRIP = NO;
				DEBUG_INFORMATION_FORMAT = "dwarf-with-dsym";
				ENABLE_NS_ASSERTIONS = NO;
				ENABLE_STRICT_OBJC_MSGSEND = YES;
				GCC_C_LANGUAGE_STANDARD = gnu11;
				GCC_NO_COMMON_BLOCKS = YES;
				GCC_WARN_64_TO_32_BIT_CONVERSION = YES;
				GCC_WARN_ABOUT_RETURN_TYPE = YES_ERROR;
				GCC_WARN_UNDECLARED_SELECTOR = YES;
				GCC_WARN_UNINITIALIZED_AUTOS = YES_AGGRESSIVE;
				GCC_WARN_UNUSED_FUNCTION = YES;
				GCC_WARN_UNUSED_VARIABLE = YES;
				IPHONEOS_DEPLOYMENT_TARGET = 11.4;
				MTL_ENABLE_DEBUG_INFO = NO;
				SDKROOT = iphoneos;
				SWIFT_COMPILATION_MODE = wholemodule;
				SWIFT_OPTIMIZATION_LEVEL = "-O";
				VALIDATE_PRODUCT = YES;
			};
			name = Release;
		};
		DFB99B7A20E6BECA000462A4 /* Debug */ = {
			isa = XCBuildConfiguration;
			buildSettings = {
				ASSETCATALOG_COMPILER_APPICON_NAME = AppIcon;
				CODE_SIGN_STYLE = Automatic;
				INFOPLIST_FILE = TrueTokenTracker/Info.plist;
				LD_RUNPATH_SEARCH_PATHS = (
					"$(inherited)",
					"@executable_path/Frameworks",
				);
				PRODUCT_BUNDLE_IDENTIFIER = ThomBahen.TrueTokenTracker;
				PRODUCT_NAME = "$(TARGET_NAME)";
				SWIFT_VERSION = 4.2;
				TARGETED_DEVICE_FAMILY = "1,2";
			};
			name = Debug;
		};
		DFB99B7B20E6BECA000462A4 /* Release */ = {
			isa = XCBuildConfiguration;
			buildSettings = {
				ASSETCATALOG_COMPILER_APPICON_NAME = AppIcon;
				CODE_SIGN_STYLE = Automatic;
				INFOPLIST_FILE = TrueTokenTracker/Info.plist;
				LD_RUNPATH_SEARCH_PATHS = (
					"$(inherited)",
					"@executable_path/Frameworks",
				);
				PRODUCT_BUNDLE_IDENTIFIER = ThomBahen.TrueTokenTracker;
				PRODUCT_NAME = "$(TARGET_NAME)";
				SWIFT_VERSION = 4.2;
				TARGETED_DEVICE_FAMILY = "1,2";
			};
			name = Release;
		};
		DFB99B7D20E6BECA000462A4 /* Debug */ = {
			isa = XCBuildConfiguration;
			buildSettings = {
				ALWAYS_EMBED_SWIFT_STANDARD_LIBRARIES = YES;
				BUNDLE_LOADER = "$(TEST_HOST)";
				CODE_SIGN_STYLE = Automatic;
				INFOPLIST_FILE = TrueTokenTrackerTests/Info.plist;
				LD_RUNPATH_SEARCH_PATHS = (
					"$(inherited)",
					"@executable_path/Frameworks",
					"@loader_path/Frameworks",
				);
				PRODUCT_BUNDLE_IDENTIFIER = ThomBahen.TrueTokenTrackerTests;
				PRODUCT_NAME = "$(TARGET_NAME)";
				SWIFT_VERSION = 4.2;
				TARGETED_DEVICE_FAMILY = "1,2";
				TEST_HOST = "$(BUILT_PRODUCTS_DIR)/TrueTokenTracker.app/TrueTokenTracker";
			};
			name = Debug;
		};
		DFB99B7E20E6BECA000462A4 /* Release */ = {
			isa = XCBuildConfiguration;
			buildSettings = {
				ALWAYS_EMBED_SWIFT_STANDARD_LIBRARIES = YES;
				BUNDLE_LOADER = "$(TEST_HOST)";
				CODE_SIGN_STYLE = Automatic;
				INFOPLIST_FILE = TrueTokenTrackerTests/Info.plist;
				LD_RUNPATH_SEARCH_PATHS = (
					"$(inherited)",
					"@executable_path/Frameworks",
					"@loader_path/Frameworks",
				);
				PRODUCT_BUNDLE_IDENTIFIER = ThomBahen.TrueTokenTrackerTests;
				PRODUCT_NAME = "$(TARGET_NAME)";
				SWIFT_VERSION = 4.2;
				TARGETED_DEVICE_FAMILY = "1,2";
				TEST_HOST = "$(BUILT_PRODUCTS_DIR)/TrueTokenTracker.app/TrueTokenTracker";
			};
			name = Release;
		};
		DFB99B8020E6BECA000462A4 /* Debug */ = {
			isa = XCBuildConfiguration;
			buildSettings = {
				ALWAYS_EMBED_SWIFT_STANDARD_LIBRARIES = YES;
				CODE_SIGN_STYLE = Automatic;
				INFOPLIST_FILE = TrueTokenTrackerUITests/Info.plist;
				LD_RUNPATH_SEARCH_PATHS = (
					"$(inherited)",
					"@executable_path/Frameworks",
					"@loader_path/Frameworks",
				);
				PRODUCT_BUNDLE_IDENTIFIER = ThomBahen.TrueTokenTrackerUITests;
				PRODUCT_NAME = "$(TARGET_NAME)";
				SWIFT_VERSION = 4.2;
				TARGETED_DEVICE_FAMILY = "1,2";
				TEST_TARGET_NAME = TrueTokenTracker;
			};
			name = Debug;
		};
		DFB99B8120E6BECA000462A4 /* Release */ = {
			isa = XCBuildConfiguration;
			buildSettings = {
				ALWAYS_EMBED_SWIFT_STANDARD_LIBRARIES = YES;
				CODE_SIGN_STYLE = Automatic;
				INFOPLIST_FILE = TrueTokenTrackerUITests/Info.plist;
				LD_RUNPATH_SEARCH_PATHS = (
					"$(inherited)",
					"@executable_path/Frameworks",
					"@loader_path/Frameworks",
				);
				PRODUCT_BUNDLE_IDENTIFIER = ThomBahen.TrueTokenTrackerUITests;
				PRODUCT_NAME = "$(TARGET_NAME)";
				SWIFT_VERSION = 4.2;
				TARGETED_DEVICE_FAMILY = "1,2";
				TEST_TARGET_NAME = TrueTokenTracker;
			};
			name = Release;
		};
/* End XCBuildConfiguration section */

/* Begin XCConfigurationList section */
		DFB99B4C20E6BEC9000462A4 /* Build configuration list for PBXProject "TrueTokenTracker" */ = {
			isa = XCConfigurationList;
			buildConfigurations = (
				DFB99B7720E6BECA000462A4 /* Debug */,
				DFB99B7820E6BECA000462A4 /* Release */,
			);
			defaultConfigurationIsVisible = 0;
			defaultConfigurationName = Release;
		};
		DFB99B7920E6BECA000462A4 /* Build configuration list for PBXNativeTarget "TrueTokenTracker" */ = {
			isa = XCConfigurationList;
			buildConfigurations = (
				DFB99B7A20E6BECA000462A4 /* Debug */,
				DFB99B7B20E6BECA000462A4 /* Release */,
			);
			defaultConfigurationIsVisible = 0;
			defaultConfigurationName = Release;
		};
		DFB99B7C20E6BECA000462A4 /* Build configuration list for PBXNativeTarget "TrueTokenTrackerTests" */ = {
			isa = XCConfigurationList;
			buildConfigurations = (
				DFB99B7D20E6BECA000462A4 /* Debug */,
				DFB99B7E20E6BECA000462A4 /* Release */,
			);
			defaultConfigurationIsVisible = 0;
			defaultConfigurationName = Release;
		};
		DFB99B7F20E6BECA000462A4 /* Build configuration list for PBXNativeTarget "TrueTokenTrackerUITests" */ = {
			isa = XCConfigurationList;
			buildConfigurations = (
				DFB99B8020E6BECA000462A4 /* Debug */,
				DFB99B8120E6BECA000462A4 /* Release */,
			);
			defaultConfigurationIsVisible = 0;
			defaultConfigurationName = Release;
		};
/* End XCConfigurationList section */
	};
	rootObject = DFB99B4920E6BEC9000462A4 /* Project object */;
}
